
Microsoft Visual Studio Solution File, Format Version 12.00
# Visual Studio Version 17
VisualStudioVersion = 17.10.34928.147
MinimumVisualStudioVersion = 10.0.40219.1
Project("{FAE04EC0-301F-11D3-BF4B-00C04F79EFBC}") = "tsngapp", "tsngapp\tsngapp.csproj", "{44117673-2739-496F-A4AF-3EEF987C4504}"
EndProject
Global
	GlobalSection(SolutionConfigurationPlatforms) = preSolution
		Debug|Any CPU = Debug|Any CPU
		Release|Any CPU = Release|Any CPU
	EndGlobalSection
	GlobalSection(ProjectConfigurationPlatforms) = postSolution
		{44117673-2739-496F-A4AF-3EEF987C4504}.Debug|Any CPU.ActiveCfg = Debug|Any CPU
		{44117673-2739-496F-A4AF-3EEF987C4504}.Debug|Any CPU.Build.0 = Debug|Any CPU
		{44117673-2739-496F-A4AF-3EEF987C4504}.Release|Any CPU.ActiveCfg = Release|Any CPU
		{44117673-2739-496F-A4AF-3EEF987C4504}.Release|Any CPU.Build.0 = Release|Any CPU
	EndGlobalSection
	GlobalSection(SolutionProperties) = preSolution
		HideSolutionNode = FALSE
	EndGlobalSection
	GlobalSection(ExtensibilityGlobals) = postSolution
		SolutionGuid = {1DDE8FA8-5724-4AD3-B6D2-08BD79C93D9D}
	EndGlobalSection
EndGlobal
